
Microsoft Visual Studio Solution File, Format Version 12.00
# Visual Studio Version 16
VisualStudioVersion = 16.0.29209.152
MinimumVisualStudioVersion = 10.0.40219.1
Project("{9A19103F-16F7-4668-BE54-9A1E7A4F7556}") = "FastSharper", "FastSharper\FastSharper.csproj", "{CA9FDD8B-85DC-4FBF-9E59-9C82339D166F}"
EndProject
Project("{2150E333-8FDC-42A3-9474-1A3956D46DE8}") = "1 - Library", "1 - Library", "{AE5D75A7-8D3D-4866-A252-01FE8753901B}"
EndProject
Project("{2150E333-8FDC-42A3-9474-1A3956D46DE8}") = "2 - Tests", "2 - Tests", "{944C43BB-ED9B-44B2-A3E4-6CAD21E3B69F}"
EndProject
Project("{9A19103F-16F7-4668-BE54-9A1E7A4F7556}") = "FastSharper.Tests", "FastSharper.Tests\FastSharper.Tests.csproj", "{2D499142-9B15-40AC-BAA5-BCAA56029A88}"
EndProject
Global
	GlobalSection(SolutionConfigurationPlatforms) = preSolution
		Debug|Any CPU = Debug|Any CPU
		Release|Any CPU = Release|Any CPU
	EndGlobalSection
	GlobalSection(ProjectConfigurationPlatforms) = postSolution
		{CA9FDD8B-85DC-4FBF-9E59-9C82339D166F}.Debug|Any CPU.ActiveCfg = Debug|Any CPU
		{CA9FDD8B-85DC-4FBF-9E59-9C82339D166F}.Debug|Any CPU.Build.0 = Debug|Any CPU
		{CA9FDD8B-85DC-4FBF-9E59-9C82339D166F}.Release|Any CPU.ActiveCfg = Release|Any CPU
		{CA9FDD8B-85DC-4FBF-9E59-9C82339D166F}.Release|Any CPU.Build.0 = Release|Any CPU
		{2D499142-9B15-40AC-BAA5-BCAA56029A88}.Debug|Any CPU.ActiveCfg = Debug|Any CPU
		{2D499142-9B15-40AC-BAA5-BCAA56029A88}.Debug|Any CPU.Build.0 = Debug|Any CPU
		{2D499142-9B15-40AC-BAA5-BCAA56029A88}.Release|Any CPU.ActiveCfg = Release|Any CPU
		{2D499142-9B15-40AC-BAA5-BCAA56029A88}.Release|Any CPU.Build.0 = Release|Any CPU
	EndGlobalSection
	GlobalSection(SolutionProperties) = preSolution
		HideSolutionNode = FALSE
	EndGlobalSection
	GlobalSection(NestedProjects) = preSolution
		{CA9FDD8B-85DC-4FBF-9E59-9C82339D166F} = {AE5D75A7-8D3D-4866-A252-01FE8753901B}
		{2D499142-9B15-40AC-BAA5-BCAA56029A88} = {944C43BB-ED9B-44B2-A3E4-6CAD21E3B69F}
	EndGlobalSection
	GlobalSection(ExtensibilityGlobals) = postSolution
		SolutionGuid = {D2C81B5C-61BD-42A5-8E3F-7CE03E17EA93}
	EndGlobalSection
EndGlobal
